
Microsoft Visual Studio Solution File, Format Version 12.00
# Visual Studio Version 16
VisualStudioVersion = 16.0.29411.108
MinimumVisualStudioVersion = 10.0.40219.1
Project("{FAE04EC0-301F-11D3-BF4B-00C04F79EFBC}") = "XMLSerializeDeserialize", "XMLSerializeDeserialize\XMLSerializeDeserialize.csproj", "{718CE067-D8AD-4E95-BACA-36C74C0DDA31}"
EndProject
Global
	GlobalSection(SolutionConfigurationPlatforms) = preSolution
		Debug|Any CPU = Debug|Any CPU
		Release|Any CPU = Release|Any CPU
	EndGlobalSection
	GlobalSection(ProjectConfigurationPlatforms) = postSolution
		{718CE067-D8AD-4E95-BACA-36C74C0DDA31}.Debug|Any CPU.ActiveCfg = Debug|Any CPU
		{718CE067-D8AD-4E95-BACA-36C74C0DDA31}.Debug|Any CPU.Build.0 = Debug|Any CPU
		{718CE067-D8AD-4E95-BACA-36C74C0DDA31}.Release|Any CPU.ActiveCfg = Release|Any CPU
		{718CE067-D8AD-4E95-BACA-36C74C0DDA31}.Release|Any CPU.Build.0 = Release|Any CPU
	EndGlobalSection
	GlobalSection(SolutionProperties) = preSolution
		HideSolutionNode = FALSE
	EndGlobalSection
	GlobalSection(ExtensibilityGlobals) = postSolution
		SolutionGuid = {99649502-6DBB-46DB-BABC-65D33531A7CF}
	EndGlobalSection
EndGlobal
